
Microsoft Visual Studio Solution File, Format Version 12.00
# Visual Studio Version 16
VisualStudioVersion = 16.0.32510.428
MinimumVisualStudioVersion = 10.0.40219.1
Project("{FAE04EC0-301F-11D3-BF4B-00C04F79EFBC}") = "api-amanda", "api-amanda\api-amanda.csproj", "{DA517E47-816F-4765-A97D-90DC2475A724}"
EndProject
Global
	GlobalSection(SolutionConfigurationPlatforms) = preSolution
		Debug|Any CPU = Debug|Any CPU
		Release|Any CPU = Release|Any CPU
	EndGlobalSection
	GlobalSection(ProjectConfigurationPlatforms) = postSolution
		{DA517E47-816F-4765-A97D-90DC2475A724}.Debug|Any CPU.ActiveCfg = Debug|Any CPU
		{DA517E47-816F-4765-A97D-90DC2475A724}.Debug|Any CPU.Build.0 = Debug|Any CPU
		{DA517E47-816F-4765-A97D-90DC2475A724}.Release|Any CPU.ActiveCfg = Release|Any CPU
		{DA517E47-816F-4765-A97D-90DC2475A724}.Release|Any CPU.Build.0 = Release|Any CPU
	EndGlobalSection
	GlobalSection(SolutionProperties) = preSolution
		HideSolutionNode = FALSE
	EndGlobalSection
	GlobalSection(ExtensibilityGlobals) = postSolution
		SolutionGuid = {9B34A1E9-7BB0-426E-AAC6-23AAF1FA2B8B}
	EndGlobalSection
EndGlobal
